
Microsoft Visual Studio Solution File, Format Version 12.00
# Visual Studio 15
VisualStudioVersion = 15.0.26114.2
MinimumVisualStudioVersion = 10.0.40219.1
Project("{2150E333-8FDC-42A3-9474-1A3956D46DE8}") = "src", "src", "{20EFBACB-21CE-4C2B-BFC1-F5EA5A508697}"
EndProject
Project("{2150E333-8FDC-42A3-9474-1A3956D46DE8}") = "Solution Items", "Solution Items", "{B1AD3F3E-6455-42BF-9C66-DECE7EA50DAB}"
	ProjectSection(SolutionItems) = preProject
		Zuehlke.Eacm.DotSettings = Zuehlke.Eacm.DotSettings
	EndProjectSection
EndProject
Project("{FAE04EC0-301F-11D3-BF4B-00C04F79EFBC}") = "Zuehlke.Eacm.Web.Backend", "src\Zuehlke.Eacm.Web.Backend\Zuehlke.Eacm.Web.Backend.csproj", "{570EE828-5964-46FA-AA2D-BAD06C3F6224}"
EndProject
Project("{2150E333-8FDC-42A3-9474-1A3956D46DE8}") = "test", "test", "{53AC10C0-61CA-4753-9120-6C8CA82C0F32}"
EndProject
Project("{FAE04EC0-301F-11D3-BF4B-00C04F79EFBC}") = "Zuehlke.Eacm.Web.Backend.Tests", "test\Zuehlke.Eacm.Web.Backend.Tests\Zuehlke.Eacm.Web.Backend.Tests.csproj", "{141B2750-C2CE-4A5C-A79F-7F81E4A33E9E}"
EndProject
Project("{FAE04EC0-301F-11D3-BF4B-00C04F79EFBC}") = "Zuehlke.Eacm.Web.Backend.EndToEndTests", "test\Zuehlke.Eacm.Web.Backend.EndToEndTests\Zuehlke.Eacm.Web.Backend.EndToEndTests.csproj", "{BFB2EB75-52F2-48EE-A9C4-2D5AE173455E}"
EndProject
Global
	GlobalSection(SolutionConfigurationPlatforms) = preSolution
		Debug|Any CPU = Debug|Any CPU
		Release|Any CPU = Release|Any CPU
	EndGlobalSection
	GlobalSection(ProjectConfigurationPlatforms) = postSolution
		{570EE828-5964-46FA-AA2D-BAD06C3F6224}.Debug|Any CPU.ActiveCfg = Debug|Any CPU
		{570EE828-5964-46FA-AA2D-BAD06C3F6224}.Debug|Any CPU.Build.0 = Debug|Any CPU
		{570EE828-5964-46FA-AA2D-BAD06C3F6224}.Release|Any CPU.ActiveCfg = Release|Any CPU
		{570EE828-5964-46FA-AA2D-BAD06C3F6224}.Release|Any CPU.Build.0 = Release|Any CPU
		{141B2750-C2CE-4A5C-A79F-7F81E4A33E9E}.Debug|Any CPU.ActiveCfg = Debug|Any CPU
		{141B2750-C2CE-4A5C-A79F-7F81E4A33E9E}.Debug|Any CPU.Build.0 = Debug|Any CPU
		{141B2750-C2CE-4A5C-A79F-7F81E4A33E9E}.Release|Any CPU.ActiveCfg = Release|Any CPU
		{141B2750-C2CE-4A5C-A79F-7F81E4A33E9E}.Release|Any CPU.Build.0 = Release|Any CPU
		{BFB2EB75-52F2-48EE-A9C4-2D5AE173455E}.Debug|Any CPU.ActiveCfg = Debug|Any CPU
		{BFB2EB75-52F2-48EE-A9C4-2D5AE173455E}.Debug|Any CPU.Build.0 = Debug|Any CPU
		{BFB2EB75-52F2-48EE-A9C4-2D5AE173455E}.Release|Any CPU.ActiveCfg = Release|Any CPU
		{BFB2EB75-52F2-48EE-A9C4-2D5AE173455E}.Release|Any CPU.Build.0 = Release|Any CPU
	EndGlobalSection
	GlobalSection(SolutionProperties) = preSolution
		HideSolutionNode = FALSE
	EndGlobalSection
	GlobalSection(NestedProjects) = preSolution
		{570EE828-5964-46FA-AA2D-BAD06C3F6224} = {20EFBACB-21CE-4C2B-BFC1-F5EA5A508697}
		{141B2750-C2CE-4A5C-A79F-7F81E4A33E9E} = {53AC10C0-61CA-4753-9120-6C8CA82C0F32}
		{BFB2EB75-52F2-48EE-A9C4-2D5AE173455E} = {53AC10C0-61CA-4753-9120-6C8CA82C0F32}
	EndGlobalSection
EndGlobal
